
Microsoft Visual Studio Solution File, Format Version 12.00
# Visual Studio Version 17
VisualStudioVersion = 17.8.34408.163
MinimumVisualStudioVersion = 10.0.40219.1
Project("{FAE04EC0-301F-11D3-BF4B-00C04F79EFBC}") = "WebApiDemo", "WebApiDemo.csproj", "{11801F84-416C-462A-951B-6D1876938990}"
EndProject
Global
	GlobalSection(SolutionConfigurationPlatforms) = preSolution
		Debug|Any CPU = Debug|Any CPU
		Release|Any CPU = Release|Any CPU
	EndGlobalSection
	GlobalSection(ProjectConfigurationPlatforms) = postSolution
		{11801F84-416C-462A-951B-6D1876938990}.Debug|Any CPU.ActiveCfg = Debug|Any CPU
		{11801F84-416C-462A-951B-6D1876938990}.Debug|Any CPU.Build.0 = Debug|Any CPU
		{11801F84-416C-462A-951B-6D1876938990}.Release|Any CPU.ActiveCfg = Release|Any CPU
		{11801F84-416C-462A-951B-6D1876938990}.Release|Any CPU.Build.0 = Release|Any CPU
	EndGlobalSection
	GlobalSection(SolutionProperties) = preSolution
		HideSolutionNode = FALSE
	EndGlobalSection
	GlobalSection(ExtensibilityGlobals) = postSolution
		SolutionGuid = {4169996B-1CE6-480B-A6C4-DCEC0CDB37AB}
	EndGlobalSection
EndGlobal
